{
  "name": "lost-and-found",
  "version": "1.0.0",
  "lockfileVersion": 2,
  "requires": true,
  "packages": {
    "": {
      "name": "lost-and-found",
      "version": "1.0.0",
      "license": "ISC",
      "dependencies": {
        "@flowtyio/flow-contracts": "^0.0.18"
      }
    },
    "node_modules/@flowtyio/flow-contracts": {
      "version": "0.0.18",
      "resolved": "https://registry.npmjs.org/@flowtyio/flow-contracts/-/flow-contracts-0.0.18.tgz",
      "integrity": "sha512-uQVbUOZegx8sdk/T+ypYBjdVmcw7AGHANzrg+PdQCtYXBGJ3iEh9+vxwf2kNk2j6hw8djmWdZy36iUMZC3pwmg==",
      "dependencies": {
        "commander": "^11.0.0"
      },
      "bin": {
        "flow-contracts": "index.js"
      }
    },
    "node_modules/commander": {
      "version": "11.1.0",
      "resolved": "https://registry.npmjs.org/commander/-/commander-11.1.0.tgz",
      "integrity": "sha512-yPVavfyCcRhmorC7rWlkHn15b4wDVgVmBA7kV4QVBsF7kv/9TKJAbAXVTxvTnwP8HHKjRCJDClKbciiYS7p0DQ==",
      "engines": {
        "node": ">=16"
      }
    }
  },
  "dependencies": {
    "@flowtyio/flow-contracts": {
      "version": "0.0.18",
      "resolved": "https://registry.npmjs.org/@flowtyio/flow-contracts/-/flow-contracts-0.0.18.tgz",
      "integrity": "sha512-uQVbUOZegx8sdk/T+ypYBjdVmcw7AGHANzrg+PdQCtYXBGJ3iEh9+vxwf2kNk2j6hw8djmWdZy36iUMZC3pwmg==",
      "requires": {
        "commander": "^11.0.0"
      }
    },
    "commander": {
      "version": "11.1.0",
      "resolved": "https://registry.npmjs.org/commander/-/commander-11.1.0.tgz",
      "integrity": "sha512-yPVavfyCcRhmorC7rWlkHn15b4wDVgVmBA7kV4QVBsF7kv/9TKJAbAXVTxvTnwP8HHKjRCJDClKbciiYS7p0DQ=="
    }
  }
}
